
Microsoft Visual Studio Solution File, Format Version 12.00
# Visual Studio Version 16
VisualStudioVersion = 16.0.30011.22
MinimumVisualStudioVersion = 10.0.40219.1
Project("{FAE04EC0-301F-11D3-BF4B-00C04F79EFBC}") = "EmployeePortal", "EmployeePortal\EmployeePortal.csproj", "{C1EC4515-B36A-4AD1-9933-A79AE6C95839}"
EndProject
Project("{FAE04EC0-301F-11D3-BF4B-00C04F79EFBC}") = "Logger", "Logger\Logger.csproj", "{C112557F-8C52-4124-B39A-EF8D7670A2DC}"
EndProject
Global
	GlobalSection(SolutionConfigurationPlatforms) = preSolution
		Debug|Any CPU = Debug|Any CPU
		Release|Any CPU = Release|Any CPU
	EndGlobalSection
	GlobalSection(ProjectConfigurationPlatforms) = postSolution
		{C1EC4515-B36A-4AD1-9933-A79AE6C95839}.Debug|Any CPU.ActiveCfg = Debug|Any CPU
		{C1EC4515-B36A-4AD1-9933-A79AE6C95839}.Debug|Any CPU.Build.0 = Debug|Any CPU
		{C1EC4515-B36A-4AD1-9933-A79AE6C95839}.Release|Any CPU.ActiveCfg = Release|Any CPU
		{C1EC4515-B36A-4AD1-9933-A79AE6C95839}.Release|Any CPU.Build.0 = Release|Any CPU
		{C112557F-8C52-4124-B39A-EF8D7670A2DC}.Debug|Any CPU.ActiveCfg = Debug|Any CPU
		{C112557F-8C52-4124-B39A-EF8D7670A2DC}.Debug|Any CPU.Build.0 = Debug|Any CPU
		{C112557F-8C52-4124-B39A-EF8D7670A2DC}.Release|Any CPU.ActiveCfg = Release|Any CPU
		{C112557F-8C52-4124-B39A-EF8D7670A2DC}.Release|Any CPU.Build.0 = Release|Any CPU
	EndGlobalSection
	GlobalSection(SolutionProperties) = preSolution
		HideSolutionNode = FALSE
	EndGlobalSection
	GlobalSection(ExtensibilityGlobals) = postSolution
		SolutionGuid = {0E845F52-4BB7-4388-88B2-26469E6AEB9D}
	EndGlobalSection
EndGlobal
